
Microsoft Visual Studio Solution File, Format Version 12.00
# Visual Studio 2013
VisualStudioVersion = 12.0.30501.0
MinimumVisualStudioVersion = 10.0.40219.1
Project("{FAE04EC0-301F-11D3-BF4B-00C04F79EFBC}") = "XXGL.WebSite", "XXGL\XXGL.WebSite.csproj", "{91E0E698-C107-41B9-97F9-460E2CC15E8F}"
EndProject
Project("{2150E333-8FDC-42A3-9474-1A3956D46DE8}") = "XXGL.Base", "XXGL.Base", "{5B0F01FD-E6AE-4C3B-BB92-D8AACBE9DBAD}"
EndProject
Project("{FAE04EC0-301F-11D3-BF4B-00C04F79EFBC}") = "XXGL.Base.IService", "XXGL.Base.IService\XXGL.Base.IService.csproj", "{6C6FE0D3-73CF-4321-A817-1C538A1D7C9D}"
EndProject
Project("{FAE04EC0-301F-11D3-BF4B-00C04F79EFBC}") = "XXGL.Base.Service", "XXGL.Base.Service\XXGL.Base.Service.csproj", "{5F61F107-DB78-4C14-BAF1-38BBF47E6A4B}"
EndProject
Project("{FAE04EC0-301F-11D3-BF4B-00C04F79EFBC}") = "XXGL.Base.IDAL", "XXGL.Base.IDAL\XXGL.Base.IDAL.csproj", "{34EE3D8C-0DA2-4AF8-8BF9-CBCBDFE6751C}"
EndProject
Project("{FAE04EC0-301F-11D3-BF4B-00C04F79EFBC}") = "XXGL.Base.DAL", "XXGL.Base.DAL\XXGL.Base.DAL.csproj", "{5581D5E4-F16F-42C6-969F-FDB307A78E8B}"
EndProject
Project("{2150E333-8FDC-42A3-9474-1A3956D46DE8}") = "NewFolder1", "NewFolder1", "{6DB09222-F1DD-465D-81F5-C0AC2A213591}"
EndProject
Project("{FAE04EC0-301F-11D3-BF4B-00C04F79EFBC}") = "XXGL.Base.Models", "XXGL.Base.Models\XXGL.Base.Models.csproj", "{B2C79D34-CA5C-473A-B367-B9A3CA7C75AB}"
EndProject
Project("{2150E333-8FDC-42A3-9474-1A3956D46DE8}") = "XXGL.Infrastructure", "XXGL.Infrastructure", "{457423A3-2DFB-4BBF-B724-7A28E4AD818D}"
EndProject
Project("{2150E333-8FDC-42A3-9474-1A3956D46DE8}") = "XXGL.DbEntity", "XXGL.DbEntity", "{89062736-F3A0-4725-9A0C-82C3FF181AEE}"
EndProject
Project("{2150E333-8FDC-42A3-9474-1A3956D46DE8}") = "XXGL.Api", "XXGL.Api", "{2989B2C3-4EAA-446F-8924-792D890C28EB}"
EndProject
Project("{2150E333-8FDC-42A3-9474-1A3956D46DE8}") = "XXGL.Job", "XXGL.Job", "{0E14E786-1B17-4794-9C3B-0A9739C5000C}"
EndProject
Project("{2150E333-8FDC-42A3-9474-1A3956D46DE8}") = "XXGL.Utility", "XXGL.Utility", "{2D9AD282-EB29-40EE-ACB8-8BA1A0034510}"
	ProjectSection(SolutionItems) = preProject
		Utility.Config.xml = Utility.Config.xml
	EndProjectSection
EndProject
Project("{FAE04EC0-301F-11D3-BF4B-00C04F79EFBC}") = "XXGL.Interface", "XXGL.Interface\XXGL.Interface.csproj", "{420C5699-147B-4CD1-B335-E93F4838F2B9}"
EndProject
Project("{FAE04EC0-301F-11D3-BF4B-00C04F79EFBC}") = "Resources", "Resources\Resources.csproj", "{961A5A2F-A8D5-4E2D-947E-6E041DACEB7F}"
EndProject
Project("{FAE04EC0-301F-11D3-BF4B-00C04F79EFBC}") = "Utility", "Utility\Utility.csproj", "{A5BF972F-11B0-4219-9475-4CDFA423E6DB}"
EndProject
Project("{FAE04EC0-301F-11D3-BF4B-00C04F79EFBC}") = "ZipHelper", "ZipHelper\ZipHelper.csproj", "{7056A04D-BB1D-4505-A57D-402680033511}"
EndProject
Project("{FAE04EC0-301F-11D3-BF4B-00C04F79EFBC}") = "DbEntity.MSSQL", "DbEntity.MSSQL\DbEntity.MSSQL.csproj", "{CEF89CF2-0561-480A-8B06-2C1A7E3E409C}"
EndProject
Project("{2150E333-8FDC-42A3-9474-1A3956D46DE8}") = "Cache", "Cache", "{2167716F-B636-4A04-86A6-57DB40428A99}"
EndProject
Project("{FAE04EC0-301F-11D3-BF4B-00C04F79EFBC}") = "XXGL.Cache.Redis", "XXGL.Cache.Redis\XXGL.Cache.Redis.csproj", "{522BAF01-5704-45B6-86B7-1BCF542389DF}"
EndProject
Project("{FAE04EC0-301F-11D3-BF4B-00C04F79EFBC}") = "XXGL.Cache.HttpRuntime", "XXGL.Cache.HttpRuntime\XXGL.Cache.HttpRuntime.csproj", "{A60BE949-1802-417D-90F7-986E7F37A60D}"
EndProject
Project("{2150E333-8FDC-42A3-9474-1A3956D46DE8}") = "UnitOfWork", "UnitOfWork", "{DBA69844-900A-4057-BE2B-B1E616512D90}"
EndProject
Project("{FAE04EC0-301F-11D3-BF4B-00C04F79EFBC}") = "DbCommon", "DbCommon\DbCommon.csproj", "{B6615F90-05C9-4C96-B5EC-81C5879488BA}"
EndProject
Global
	GlobalSection(SolutionConfigurationPlatforms) = preSolution
		Debug|Any CPU = Debug|Any CPU
		Release|Any CPU = Release|Any CPU
	EndGlobalSection
	GlobalSection(ProjectConfigurationPlatforms) = postSolution
		{91E0E698-C107-41B9-97F9-460E2CC15E8F}.Debug|Any CPU.ActiveCfg = Debug|Any CPU
		{91E0E698-C107-41B9-97F9-460E2CC15E8F}.Debug|Any CPU.Build.0 = Debug|Any CPU
		{91E0E698-C107-41B9-97F9-460E2CC15E8F}.Release|Any CPU.ActiveCfg = Release|Any CPU
		{91E0E698-C107-41B9-97F9-460E2CC15E8F}.Release|Any CPU.Build.0 = Release|Any CPU
		{6C6FE0D3-73CF-4321-A817-1C538A1D7C9D}.Debug|Any CPU.ActiveCfg = Debug|Any CPU
		{6C6FE0D3-73CF-4321-A817-1C538A1D7C9D}.Debug|Any CPU.Build.0 = Debug|Any CPU
		{6C6FE0D3-73CF-4321-A817-1C538A1D7C9D}.Release|Any CPU.ActiveCfg = Release|Any CPU
		{6C6FE0D3-73CF-4321-A817-1C538A1D7C9D}.Release|Any CPU.Build.0 = Release|Any CPU
		{5F61F107-DB78-4C14-BAF1-38BBF47E6A4B}.Debug|Any CPU.ActiveCfg = Debug|Any CPU
		{5F61F107-DB78-4C14-BAF1-38BBF47E6A4B}.Debug|Any CPU.Build.0 = Debug|Any CPU
		{5F61F107-DB78-4C14-BAF1-38BBF47E6A4B}.Release|Any CPU.ActiveCfg = Release|Any CPU
		{5F61F107-DB78-4C14-BAF1-38BBF47E6A4B}.Release|Any CPU.Build.0 = Release|Any CPU
		{34EE3D8C-0DA2-4AF8-8BF9-CBCBDFE6751C}.Debug|Any CPU.ActiveCfg = Debug|Any CPU
		{34EE3D8C-0DA2-4AF8-8BF9-CBCBDFE6751C}.Debug|Any CPU.Build.0 = Debug|Any CPU
		{34EE3D8C-0DA2-4AF8-8BF9-CBCBDFE6751C}.Release|Any CPU.ActiveCfg = Release|Any CPU
		{34EE3D8C-0DA2-4AF8-8BF9-CBCBDFE6751C}.Release|Any CPU.Build.0 = Release|Any CPU
		{5581D5E4-F16F-42C6-969F-FDB307A78E8B}.Debug|Any CPU.ActiveCfg = Debug|Any CPU
		{5581D5E4-F16F-42C6-969F-FDB307A78E8B}.Debug|Any CPU.Build.0 = Debug|Any CPU
		{5581D5E4-F16F-42C6-969F-FDB307A78E8B}.Release|Any CPU.ActiveCfg = Release|Any CPU
		{5581D5E4-F16F-42C6-969F-FDB307A78E8B}.Release|Any CPU.Build.0 = Release|Any CPU
		{B2C79D34-CA5C-473A-B367-B9A3CA7C75AB}.Debug|Any CPU.ActiveCfg = Debug|Any CPU
		{B2C79D34-CA5C-473A-B367-B9A3CA7C75AB}.Debug|Any CPU.Build.0 = Debug|Any CPU
		{B2C79D34-CA5C-473A-B367-B9A3CA7C75AB}.Release|Any CPU.ActiveCfg = Release|Any CPU
		{B2C79D34-CA5C-473A-B367-B9A3CA7C75AB}.Release|Any CPU.Build.0 = Release|Any CPU
		{420C5699-147B-4CD1-B335-E93F4838F2B9}.Debug|Any CPU.ActiveCfg = Debug|Any CPU
		{420C5699-147B-4CD1-B335-E93F4838F2B9}.Debug|Any CPU.Build.0 = Debug|Any CPU
		{420C5699-147B-4CD1-B335-E93F4838F2B9}.Release|Any CPU.ActiveCfg = Release|Any CPU
		{420C5699-147B-4CD1-B335-E93F4838F2B9}.Release|Any CPU.Build.0 = Release|Any CPU
		{961A5A2F-A8D5-4E2D-947E-6E041DACEB7F}.Debug|Any CPU.ActiveCfg = Debug|Any CPU
		{961A5A2F-A8D5-4E2D-947E-6E041DACEB7F}.Debug|Any CPU.Build.0 = Debug|Any CPU
		{961A5A2F-A8D5-4E2D-947E-6E041DACEB7F}.Release|Any CPU.ActiveCfg = Release|Any CPU
		{961A5A2F-A8D5-4E2D-947E-6E041DACEB7F}.Release|Any CPU.Build.0 = Release|Any CPU
		{A5BF972F-11B0-4219-9475-4CDFA423E6DB}.Debug|Any CPU.ActiveCfg = Debug|Any CPU
		{A5BF972F-11B0-4219-9475-4CDFA423E6DB}.Debug|Any CPU.Build.0 = Debug|Any CPU
		{A5BF972F-11B0-4219-9475-4CDFA423E6DB}.Release|Any CPU.ActiveCfg = Release|Any CPU
		{A5BF972F-11B0-4219-9475-4CDFA423E6DB}.Release|Any CPU.Build.0 = Release|Any CPU
		{7056A04D-BB1D-4505-A57D-402680033511}.Debug|Any CPU.ActiveCfg = Debug|Any CPU
		{7056A04D-BB1D-4505-A57D-402680033511}.Debug|Any CPU.Build.0 = Debug|Any CPU
		{7056A04D-BB1D-4505-A57D-402680033511}.Release|Any CPU.ActiveCfg = Release|Any CPU
		{7056A04D-BB1D-4505-A57D-402680033511}.Release|Any CPU.Build.0 = Release|Any CPU
		{CEF89CF2-0561-480A-8B06-2C1A7E3E409C}.Debug|Any CPU.ActiveCfg = Debug|Any CPU
		{CEF89CF2-0561-480A-8B06-2C1A7E3E409C}.Debug|Any CPU.Build.0 = Debug|Any CPU
		{CEF89CF2-0561-480A-8B06-2C1A7E3E409C}.Release|Any CPU.ActiveCfg = Release|Any CPU
		{CEF89CF2-0561-480A-8B06-2C1A7E3E409C}.Release|Any CPU.Build.0 = Release|Any CPU
		{522BAF01-5704-45B6-86B7-1BCF542389DF}.Debug|Any CPU.ActiveCfg = Debug|Any CPU
		{522BAF01-5704-45B6-86B7-1BCF542389DF}.Debug|Any CPU.Build.0 = Debug|Any CPU
		{522BAF01-5704-45B6-86B7-1BCF542389DF}.Release|Any CPU.ActiveCfg = Release|Any CPU
		{522BAF01-5704-45B6-86B7-1BCF542389DF}.Release|Any CPU.Build.0 = Release|Any CPU
		{A60BE949-1802-417D-90F7-986E7F37A60D}.Debug|Any CPU.ActiveCfg = Debug|Any CPU
		{A60BE949-1802-417D-90F7-986E7F37A60D}.Debug|Any CPU.Build.0 = Debug|Any CPU
		{A60BE949-1802-417D-90F7-986E7F37A60D}.Release|Any CPU.ActiveCfg = Release|Any CPU
		{A60BE949-1802-417D-90F7-986E7F37A60D}.Release|Any CPU.Build.0 = Release|Any CPU
		{B6615F90-05C9-4C96-B5EC-81C5879488BA}.Debug|Any CPU.ActiveCfg = Debug|Any CPU
		{B6615F90-05C9-4C96-B5EC-81C5879488BA}.Debug|Any CPU.Build.0 = Debug|Any CPU
		{B6615F90-05C9-4C96-B5EC-81C5879488BA}.Release|Any CPU.ActiveCfg = Release|Any CPU
		{B6615F90-05C9-4C96-B5EC-81C5879488BA}.Release|Any CPU.Build.0 = Release|Any CPU
	EndGlobalSection
	GlobalSection(SolutionProperties) = preSolution
		HideSolutionNode = FALSE
	EndGlobalSection
	GlobalSection(NestedProjects) = preSolution
		{6C6FE0D3-73CF-4321-A817-1C538A1D7C9D} = {5B0F01FD-E6AE-4C3B-BB92-D8AACBE9DBAD}
		{5F61F107-DB78-4C14-BAF1-38BBF47E6A4B} = {5B0F01FD-E6AE-4C3B-BB92-D8AACBE9DBAD}
		{34EE3D8C-0DA2-4AF8-8BF9-CBCBDFE6751C} = {5B0F01FD-E6AE-4C3B-BB92-D8AACBE9DBAD}
		{5581D5E4-F16F-42C6-969F-FDB307A78E8B} = {5B0F01FD-E6AE-4C3B-BB92-D8AACBE9DBAD}
		{6DB09222-F1DD-465D-81F5-C0AC2A213591} = {5B0F01FD-E6AE-4C3B-BB92-D8AACBE9DBAD}
		{B2C79D34-CA5C-473A-B367-B9A3CA7C75AB} = {5B0F01FD-E6AE-4C3B-BB92-D8AACBE9DBAD}
		{961A5A2F-A8D5-4E2D-947E-6E041DACEB7F} = {2D9AD282-EB29-40EE-ACB8-8BA1A0034510}
		{A5BF972F-11B0-4219-9475-4CDFA423E6DB} = {2D9AD282-EB29-40EE-ACB8-8BA1A0034510}
		{7056A04D-BB1D-4505-A57D-402680033511} = {2D9AD282-EB29-40EE-ACB8-8BA1A0034510}
		{CEF89CF2-0561-480A-8B06-2C1A7E3E409C} = {89062736-F3A0-4725-9A0C-82C3FF181AEE}
		{2167716F-B636-4A04-86A6-57DB40428A99} = {457423A3-2DFB-4BBF-B724-7A28E4AD818D}
		{522BAF01-5704-45B6-86B7-1BCF542389DF} = {2167716F-B636-4A04-86A6-57DB40428A99}
		{A60BE949-1802-417D-90F7-986E7F37A60D} = {2167716F-B636-4A04-86A6-57DB40428A99}
		{DBA69844-900A-4057-BE2B-B1E616512D90} = {457423A3-2DFB-4BBF-B724-7A28E4AD818D}
		{B6615F90-05C9-4C96-B5EC-81C5879488BA} = {DBA69844-900A-4057-BE2B-B1E616512D90}
	EndGlobalSection
EndGlobal
